
Microsoft Visual Studio Solution File, Format Version 12.00
# Visual Studio Version 16
VisualStudioVersion = 16.0.29123.88
MinimumVisualStudioVersion = 10.0.40219.1
Project("{9A19103F-16F7-4668-BE54-9A1E7A4F7556}") = "AzureAutoResourceManager", "AzureAutoResourceManager.csproj", "{2575D7E4-F984-4F6B-823F-04964CDBDF60}"
EndProject
Global
	GlobalSection(SolutionConfigurationPlatforms) = preSolution
		Debug|Any CPU = Debug|Any CPU
		Release|Any CPU = Release|Any CPU
	EndGlobalSection
	GlobalSection(ProjectConfigurationPlatforms) = postSolution
		{2575D7E4-F984-4F6B-823F-04964CDBDF60}.Debug|Any CPU.ActiveCfg = Debug|Any CPU
		{2575D7E4-F984-4F6B-823F-04964CDBDF60}.Debug|Any CPU.Build.0 = Debug|Any CPU
		{2575D7E4-F984-4F6B-823F-04964CDBDF60}.Release|Any CPU.ActiveCfg = Release|Any CPU
		{2575D7E4-F984-4F6B-823F-04964CDBDF60}.Release|Any CPU.Build.0 = Release|Any CPU
	EndGlobalSection
	GlobalSection(SolutionProperties) = preSolution
		HideSolutionNode = FALSE
	EndGlobalSection
	GlobalSection(ExtensibilityGlobals) = postSolution
		SolutionGuid = {37C89DEE-43C3-4C8C-952A-52937AF28CEA}
	EndGlobalSection
EndGlobal
